
Microsoft Visual Studio Solution File, Format Version 12.00
# Visual Studio Version 16
VisualStudioVersion = 16.0.29709.97
MinimumVisualStudioVersion = 10.0.40219.1
Project("{FAE04EC0-301F-11D3-BF4B-00C04F79EFBC}") = "ArrayListNS", "CoustomArrayList\ArrayListNS.csproj", "{2EF9D791-80C0-4F7A-B47D-ED142FF8291E}"
EndProject
Project("{FAE04EC0-301F-11D3-BF4B-00C04F79EFBC}") = "EnumeratorsAndEnumrables", "EnumeratorsAndEnumrables\EnumeratorsAndEnumrables.csproj", "{221B6F2F-46DE-48BA-8031-CC80FB44CAA6}"
EndProject
Project("{FAE04EC0-301F-11D3-BF4B-00C04F79EFBC}") = "CompareableComparerEquatable", "CompareableComparerEquatable\CompareableComparerEquatable.csproj", "{F437EC83-C162-41F7-952F-C5CA1523FA18}"
EndProject
Global
	GlobalSection(SolutionConfigurationPlatforms) = preSolution
		Debug|Any CPU = Debug|Any CPU
		Release|Any CPU = Release|Any CPU
	EndGlobalSection
	GlobalSection(ProjectConfigurationPlatforms) = postSolution
		{2EF9D791-80C0-4F7A-B47D-ED142FF8291E}.Debug|Any CPU.ActiveCfg = Debug|Any CPU
		{2EF9D791-80C0-4F7A-B47D-ED142FF8291E}.Debug|Any CPU.Build.0 = Debug|Any CPU
		{2EF9D791-80C0-4F7A-B47D-ED142FF8291E}.Release|Any CPU.ActiveCfg = Release|Any CPU
		{2EF9D791-80C0-4F7A-B47D-ED142FF8291E}.Release|Any CPU.Build.0 = Release|Any CPU
		{221B6F2F-46DE-48BA-8031-CC80FB44CAA6}.Debug|Any CPU.ActiveCfg = Debug|Any CPU
		{221B6F2F-46DE-48BA-8031-CC80FB44CAA6}.Debug|Any CPU.Build.0 = Debug|Any CPU
		{221B6F2F-46DE-48BA-8031-CC80FB44CAA6}.Release|Any CPU.ActiveCfg = Release|Any CPU
		{221B6F2F-46DE-48BA-8031-CC80FB44CAA6}.Release|Any CPU.Build.0 = Release|Any CPU
		{F437EC83-C162-41F7-952F-C5CA1523FA18}.Debug|Any CPU.ActiveCfg = Debug|Any CPU
		{F437EC83-C162-41F7-952F-C5CA1523FA18}.Debug|Any CPU.Build.0 = Debug|Any CPU
		{F437EC83-C162-41F7-952F-C5CA1523FA18}.Release|Any CPU.ActiveCfg = Release|Any CPU
		{F437EC83-C162-41F7-952F-C5CA1523FA18}.Release|Any CPU.Build.0 = Release|Any CPU
	EndGlobalSection
	GlobalSection(SolutionProperties) = preSolution
		HideSolutionNode = FALSE
	EndGlobalSection
	GlobalSection(ExtensibilityGlobals) = postSolution
		SolutionGuid = {C7D5EE9E-D0C5-4A4D-B330-1C0939937E66}
	EndGlobalSection
EndGlobal
